{
  "name": "developer-adk-practice",
  "version": "1.0.2",
  "lockfileVersion": 1,
  "requires": true,
  "dependencies": {
    "pcv4lib": {
      "version": "1.0.11",
      "resolved": "https://registry.npmjs.org/pcv4lib/-/pcv4lib-1.0.11.tgz",
      "integrity": "sha512-xzWVRDsyeKyqQ6bpH4nonWPAjKxVoPkzAtK0BymEVxcWhvW54HIOyOuxjZT8KmsoxtZoJd+1argxVhE7eEEwpA=="
    }
  }
}
